// !$*UTF8*$!
{
	archiveVersion = 1;
	classes = {
	};
	objectVersion = 56;
	objects = {

/* Begin PBXBuildFile section */
		5B06979C29FCE36600AE8F90 /* Respondable.swift in Sources */ = {isa = PBXBuildFile; fileRef = 5B06979B29FCE36600AE8F90 /* Respondable.swift */; };
		5B06979E29FCE41F00AE8F90 /* Requestable.swift in Sources */ = {isa = PBXBuildFile; fileRef = 5B06979D29FCE41F00AE8F90 /* Requestable.swift */; };
		5B0697A029FCE4DA00AE8F90 /* Endpoint.swift in Sources */ = {isa = PBXBuildFile; fileRef = 5B06979F29FCE4DA00AE8F90 /* Endpoint.swift */; };
		5B0697A329FCE5AA00AE8F90 /* NetworkError.swift in Sources */ = {isa = PBXBuildFile; fileRef = 5B0697A229FCE5AA00AE8F90 /* NetworkError.swift */; };
		5B0697A629FCEFDF00AE8F90 /* APIEndpoint.swift in Sources */ = {isa = PBXBuildFile; fileRef = 5B0697A529FCEFDF00AE8F90 /* APIEndpoint.swift */; };
		5B0697AA29FCF13700AE8F90 /* FoodInformationDTO.swift in Sources */ = {isa = PBXBuildFile; fileRef = 5B0697A929FCF13700AE8F90 /* FoodInformationDTO.swift */; };
		5B0697AC29FCF19100AE8F90 /* FoodInformationResponseDTO.swift in Sources */ = {isa = PBXBuildFile; fileRef = 5B0697AB29FCF19100AE8F90 /* FoodInformationResponseDTO.swift */; };
		5B0697AF29FCF37200AE8F90 /* DetailFoodInfromationDTO.swift in Sources */ = {isa = PBXBuildFile; fileRef = 5B0697AE29FCF37200AE8F90 /* DetailFoodInfromationDTO.swift */; };
		5B0697B129FCF3BE00AE8F90 /* DetailFoodInformationResponseDTO.swift in Sources */ = {isa = PBXBuildFile; fileRef = 5B0697B029FCF3BE00AE8F90 /* DetailFoodInformationResponseDTO.swift */; };
		5B0697B629FCF9CD00AE8F90 /* FoodInformationRequestDTO.swift in Sources */ = {isa = PBXBuildFile; fileRef = 5B0697B529FCF9CD00AE8F90 /* FoodInformationRequestDTO.swift */; };
		5B0697B829FCFB9200AE8F90 /* APIMagicLiteral.swift in Sources */ = {isa = PBXBuildFile; fileRef = 5B0697B729FCFB9200AE8F90 /* APIMagicLiteral.swift */; };
		5B0697BC29FD015600AE8F90 /* NetworkService.swift in Sources */ = {isa = PBXBuildFile; fileRef = 5B0697BB29FD015600AE8F90 /* NetworkService.swift */; };
		5B0697BE29FD062E00AE8F90 /* HTTPError.swift in Sources */ = {isa = PBXBuildFile; fileRef = 5B0697BD29FD062E00AE8F90 /* HTTPError.swift */; };
		5B10170229F38F3F00AE55F3 /* AppDelegate.swift in Sources */ = {isa = PBXBuildFile; fileRef = 5B10170129F38F3F00AE55F3 /* AppDelegate.swift */; };
		5B10170429F38F3F00AE55F3 /* SceneDelegate.swift in Sources */ = {isa = PBXBuildFile; fileRef = 5B10170329F38F3F00AE55F3 /* SceneDelegate.swift */; };
		5B10170629F38F3F00AE55F3 /* HomeViewController.swift in Sources */ = {isa = PBXBuildFile; fileRef = 5B10170529F38F3F00AE55F3 /* HomeViewController.swift */; };
		5B10170929F38F3F00AE55F3 /* Main.storyboard in Resources */ = {isa = PBXBuildFile; fileRef = 5B10170729F38F3F00AE55F3 /* Main.storyboard */; };
		5B10170B29F38F4000AE55F3 /* Assets.xcassets in Resources */ = {isa = PBXBuildFile; fileRef = 5B10170A29F38F4000AE55F3 /* Assets.xcassets */; };
		5B10170E29F38F4000AE55F3 /* LaunchScreen.storyboard in Resources */ = {isa = PBXBuildFile; fileRef = 5B10170C29F38F4000AE55F3 /* LaunchScreen.storyboard */; };
		5B10171D29F39B9500AE55F3 /* FoodInformation.swift in Sources */ = {isa = PBXBuildFile; fileRef = 5B10171C29F39B9500AE55F3 /* FoodInformation.swift */; };
		5B10171F29F3B3D300AE55F3 /* BargainPriceTypeList.swift in Sources */ = {isa = PBXBuildFile; fileRef = 5B10171E29F3B3D300AE55F3 /* BargainPriceTypeList.swift */; };
		5B10172229F3B57E00AE55F3 /* extension + UILabel.swift in Sources */ = {isa = PBXBuildFile; fileRef = 5B10172129F3B57E00AE55F3 /* extension + UILabel.swift */; };
		5B10172429F3B85B00AE55F3 /* extension + UIColor.swift in Sources */ = {isa = PBXBuildFile; fileRef = 5B10172329F3B85B00AE55F3 /* extension + UIColor.swift */; };
		5B10172629F3CB6E00AE55F3 /* HomeViewCell.swift in Sources */ = {isa = PBXBuildFile; fileRef = 5B10172529F3CB6E00AE55F3 /* HomeViewCell.swift */; };
		5B10172829F3D12A00AE55F3 /* HomeHeaderView.swift in Sources */ = {isa = PBXBuildFile; fileRef = 5B10172729F3D12A00AE55F3 /* HomeHeaderView.swift */; };
		5B5486BF29FE131E004DACAF /* Food.swift in Sources */ = {isa = PBXBuildFile; fileRef = 5B5486BE29FE131E004DACAF /* Food.swift */; };
		5B6CD7542A37708E0066A672 /* HomeFoodItem.swift in Sources */ = {isa = PBXBuildFile; fileRef = 5B6CD7532A37708E0066A672 /* HomeFoodItem.swift */; };
		5B6CD75A2A3771E70066A672 /* Section.swift in Sources */ = {isa = PBXBuildFile; fileRef = 5B6CD7592A3771E70066A672 /* Section.swift */; };
		5B6CD75D2A37752F0066A672 /* HomeLayout.swift in Sources */ = {isa = PBXBuildFile; fileRef = 5B6CD75C2A37752F0066A672 /* HomeLayout.swift */; };
		5B6CD7612A3777520066A672 /* Observable.swift in Sources */ = {isa = PBXBuildFile; fileRef = 5B6CD7602A3777520066A672 /* Observable.swift */; };
		5B6CD7632A3979FB0066A672 /* HomeViewModel.swift in Sources */ = {isa = PBXBuildFile; fileRef = 5B6CD7622A3979FB0066A672 /* HomeViewModel.swift */; };
		5B6CD7662A39AAB50066A672 /* ErrorOfHomeViewModel.swift in Sources */ = {isa = PBXBuildFile; fileRef = 5B6CD7652A39AAB50066A672 /* ErrorOfHomeViewModel.swift */; };
		5B7806642A12491100809012 /* Reusable.swift in Sources */ = {isa = PBXBuildFile; fileRef = 5B7806632A12491100809012 /* Reusable.swift */; };
		5BAA13202A060B0300C7E64A /* HomeCollectionViewDataSource.swift in Sources */ = {isa = PBXBuildFile; fileRef = 5BAA131F2A060B0300C7E64A /* HomeCollectionViewDataSource.swift */; };
		5BD4130B2A4416F20017D97D /* FoodThumbImages.swift in Sources */ = {isa = PBXBuildFile; fileRef = 5BD4130A2A4416F20017D97D /* FoodThumbImages.swift */; };
		5BD4130F2A442FC80017D97D /* DetailFoodInfo.swift in Sources */ = {isa = PBXBuildFile; fileRef = 5BD4130E2A442FC80017D97D /* DetailFoodInfo.swift */; };
		5BD413112A4430B80017D97D /* ProductInformation.swift in Sources */ = {isa = PBXBuildFile; fileRef = 5BD413102A4430B80017D97D /* ProductInformation.swift */; };
		5BD413132A4516D30017D97D /* DeliveryInformation.swift in Sources */ = {isa = PBXBuildFile; fileRef = 5BD413122A4516D30017D97D /* DeliveryInformation.swift */; };
		5BD413152A451D370017D97D /* OrderCount.swift in Sources */ = {isa = PBXBuildFile; fileRef = 5BD413142A451D370017D97D /* OrderCount.swift */; };
		5BDBB0FF2A3DE51500D03F23 /* DetailViewController.swift in Sources */ = {isa = PBXBuildFile; fileRef = 5BDBB0FE2A3DE51500D03F23 /* DetailViewController.swift */; };
/* End PBXBuildFile section */

/* Begin PBXFileReference section */
		5B06979B29FCE36600AE8F90 /* Respondable.swift */ = {isa = PBXFileReference; lastKnownFileType = sourcecode.swift; path = Respondable.swift; sourceTree = "<group>"; };
		5B06979D29FCE41F00AE8F90 /* Requestable.swift */ = {isa = PBXFileReference; lastKnownFileType = sourcecode.swift; path = Requestable.swift; sourceTree = "<group>"; };
		5B06979F29FCE4DA00AE8F90 /* Endpoint.swift */ = {isa = PBXFileReference; lastKnownFileType = sourcecode.swift; path = Endpoint.swift; sourceTree = "<group>"; };
		5B0697A229FCE5AA00AE8F90 /* NetworkError.swift */ = {isa = PBXFileReference; lastKnownFileType = sourcecode.swift; path = NetworkError.swift; sourceTree = "<group>"; };
		5B0697A529FCEFDF00AE8F90 /* APIEndpoint.swift */ = {isa = PBXFileReference; lastKnownFileType = sourcecode.swift; path = APIEndpoint.swift; sourceTree = "<group>"; };
		5B0697A929FCF13700AE8F90 /* FoodInformationDTO.swift */ = {isa = PBXFileReference; lastKnownFileType = sourcecode.swift; path = FoodInformationDTO.swift; sourceTree = "<group>"; };
		5B0697AB29FCF19100AE8F90 /* FoodInformationResponseDTO.swift */ = {isa = PBXFileReference; lastKnownFileType = sourcecode.swift; path = FoodInformationResponseDTO.swift; sourceTree = "<group>"; };
		5B0697AE29FCF37200AE8F90 /* DetailFoodInfromationDTO.swift */ = {isa = PBXFileReference; lastKnownFileType = sourcecode.swift; path = DetailFoodInfromationDTO.swift; sourceTree = "<group>"; };
		5B0697B029FCF3BE00AE8F90 /* DetailFoodInformationResponseDTO.swift */ = {isa = PBXFileReference; lastKnownFileType = sourcecode.swift; path = DetailFoodInformationResponseDTO.swift; sourceTree = "<group>"; };
		5B0697B529FCF9CD00AE8F90 /* FoodInformationRequestDTO.swift */ = {isa = PBXFileReference; lastKnownFileType = sourcecode.swift; path = FoodInformationRequestDTO.swift; sourceTree = "<group>"; };
		5B0697B729FCFB9200AE8F90 /* APIMagicLiteral.swift */ = {isa = PBXFileReference; lastKnownFileType = sourcecode.swift; path = APIMagicLiteral.swift; sourceTree = "<group>"; };
		5B0697BB29FD015600AE8F90 /* NetworkService.swift */ = {isa = PBXFileReference; lastKnownFileType = sourcecode.swift; path = NetworkService.swift; sourceTree = "<group>"; };
		5B0697BD29FD062E00AE8F90 /* HTTPError.swift */ = {isa = PBXFileReference; lastKnownFileType = sourcecode.swift; path = HTTPError.swift; sourceTree = "<group>"; };
		5B1016FE29F38F3F00AE55F3 /* SideDish.app */ = {isa = PBXFileReference; explicitFileType = wrapper.application; includeInIndex = 0; path = SideDish.app; sourceTree = BUILT_PRODUCTS_DIR; };
		5B10170129F38F3F00AE55F3 /* AppDelegate.swift */ = {isa = PBXFileReference; lastKnownFileType = sourcecode.swift; path = AppDelegate.swift; sourceTree = "<group>"; };
		5B10170329F38F3F00AE55F3 /* SceneDelegate.swift */ = {isa = PBXFileReference; lastKnownFileType = sourcecode.swift; path = SceneDelegate.swift; sourceTree = "<group>"; };
		5B10170529F38F3F00AE55F3 /* HomeViewController.swift */ = {isa = PBXFileReference; lastKnownFileType = sourcecode.swift; path = HomeViewController.swift; sourceTree = "<group>"; };
		5B10170829F38F3F00AE55F3 /* Base */ = {isa = PBXFileReference; lastKnownFileType = file.storyboard; name = Base; path = Base.lproj/Main.storyboard; sourceTree = "<group>"; };
		5B10170A29F38F4000AE55F3 /* Assets.xcassets */ = {isa = PBXFileReference; lastKnownFileType = folder.assetcatalog; path = Assets.xcassets; sourceTree = "<group>"; };
		5B10170D29F38F4000AE55F3 /* Base */ = {isa = PBXFileReference; lastKnownFileType = file.storyboard; name = Base; path = Base.lproj/LaunchScreen.storyboard; sourceTree = "<group>"; };
		5B10170F29F38F4000AE55F3 /* Info.plist */ = {isa = PBXFileReference; lastKnownFileType = text.plist.xml; path = Info.plist; sourceTree = "<group>"; };
		5B10171C29F39B9500AE55F3 /* FoodInformation.swift */ = {isa = PBXFileReference; lastKnownFileType = sourcecode.swift; path = FoodInformation.swift; sourceTree = "<group>"; };
		5B10171E29F3B3D300AE55F3 /* BargainPriceTypeList.swift */ = {isa = PBXFileReference; lastKnownFileType = sourcecode.swift; path = BargainPriceTypeList.swift; sourceTree = "<group>"; };
		5B10172129F3B57E00AE55F3 /* extension + UILabel.swift */ = {isa = PBXFileReference; lastKnownFileType = sourcecode.swift; path = "extension + UILabel.swift"; sourceTree = "<group>"; };
		5B10172329F3B85B00AE55F3 /* extension + UIColor.swift */ = {isa = PBXFileReference; lastKnownFileType = sourcecode.swift; path = "extension + UIColor.swift"; sourceTree = "<group>"; };
		5B10172529F3CB6E00AE55F3 /* HomeViewCell.swift */ = {isa = PBXFileReference; lastKnownFileType = sourcecode.swift; path = HomeViewCell.swift; sourceTree = "<group>"; };
		5B10172729F3D12A00AE55F3 /* HomeHeaderView.swift */ = {isa = PBXFileReference; lastKnownFileType = sourcecode.swift; path = HomeHeaderView.swift; sourceTree = "<group>"; };
		5B5486BE29FE131E004DACAF /* Food.swift */ = {isa = PBXFileReference; lastKnownFileType = sourcecode.swift; path = Food.swift; sourceTree = "<group>"; };
		5B6CD7532A37708E0066A672 /* HomeFoodItem.swift */ = {isa = PBXFileReference; lastKnownFileType = sourcecode.swift; path = HomeFoodItem.swift; sourceTree = "<group>"; };
		5B6CD7592A3771E70066A672 /* Section.swift */ = {isa = PBXFileReference; lastKnownFileType = sourcecode.swift; path = Section.swift; sourceTree = "<group>"; };
		5B6CD75C2A37752F0066A672 /* HomeLayout.swift */ = {isa = PBXFileReference; lastKnownFileType = sourcecode.swift; path = HomeLayout.swift; sourceTree = "<group>"; };
		5B6CD7602A3777520066A672 /* Observable.swift */ = {isa = PBXFileReference; lastKnownFileType = sourcecode.swift; path = Observable.swift; sourceTree = "<group>"; };
		5B6CD7622A3979FB0066A672 /* HomeViewModel.swift */ = {isa = PBXFileReference; lastKnownFileType = sourcecode.swift; path = HomeViewModel.swift; sourceTree = "<group>"; };
		5B6CD7652A39AAB50066A672 /* ErrorOfHomeViewModel.swift */ = {isa = PBXFileReference; lastKnownFileType = sourcecode.swift; path = ErrorOfHomeViewModel.swift; sourceTree = "<group>"; };
		5B7806632A12491100809012 /* Reusable.swift */ = {isa = PBXFileReference; lastKnownFileType = sourcecode.swift; path = Reusable.swift; sourceTree = "<group>"; };
		5BAA131F2A060B0300C7E64A /* HomeCollectionViewDataSource.swift */ = {isa = PBXFileReference; lastKnownFileType = sourcecode.swift; path = HomeCollectionViewDataSource.swift; sourceTree = "<group>"; };
		5BD4130A2A4416F20017D97D /* FoodThumbImages.swift */ = {isa = PBXFileReference; lastKnownFileType = sourcecode.swift; path = FoodThumbImages.swift; sourceTree = "<group>"; };
		5BD4130E2A442FC80017D97D /* DetailFoodInfo.swift */ = {isa = PBXFileReference; lastKnownFileType = sourcecode.swift; path = DetailFoodInfo.swift; sourceTree = "<group>"; };
		5BD413102A4430B80017D97D /* ProductInformation.swift */ = {isa = PBXFileReference; fileEncoding = 4; lastKnownFileType = sourcecode.swift; path = ProductInformation.swift; sourceTree = "<group>"; };
		5BD413122A4516D30017D97D /* DeliveryInformation.swift */ = {isa = PBXFileReference; lastKnownFileType = sourcecode.swift; path = DeliveryInformation.swift; sourceTree = "<group>"; };
		5BD413142A451D370017D97D /* OrderCount.swift */ = {isa = PBXFileReference; lastKnownFileType = sourcecode.swift; path = OrderCount.swift; sourceTree = "<group>"; };
		5BDBB0FE2A3DE51500D03F23 /* DetailViewController.swift */ = {isa = PBXFileReference; lastKnownFileType = sourcecode.swift; path = DetailViewController.swift; sourceTree = "<group>"; };
/* End PBXFileReference section */

/* Begin PBXFrameworksBuildPhase section */
		5B1016FB29F38F3F00AE55F3 /* Frameworks */ = {
			isa = PBXFrameworksBuildPhase;
			buildActionMask = 2147483647;
			files = (
			);
			runOnlyForDeploymentPostprocessing = 0;
		};
/* End PBXFrameworksBuildPhase section */

/* Begin PBXGroup section */
		5B06979929FCDF5B00AE8F90 /* Infrastructure */ = {
			isa = PBXGroup;
			children = (
				5B06979A29FCE35800AE8F90 /* Network */,
			);
			path = Infrastructure;
			sourceTree = "<group>";
		};
		5B06979A29FCE35800AE8F90 /* Network */ = {
			isa = PBXGroup;
			children = (
				5B0697A129FCE5A000AE8F90 /* Common */,
				5B0697B929FD012200AE8F90 /* Endpoint */,
				5B0697BA29FD013C00AE8F90 /* Service */,
			);
			path = Network;
			sourceTree = "<group>";
		};
		5B0697A129FCE5A000AE8F90 /* Common */ = {
			isa = PBXGroup;
			children = (
				5B0697A229FCE5AA00AE8F90 /* NetworkError.swift */,
				5B0697BD29FD062E00AE8F90 /* HTTPError.swift */,
				5B0697B729FCFB9200AE8F90 /* APIMagicLiteral.swift */,
			);
			path = Common;
			sourceTree = "<group>";
		};
		5B0697A429FCEFC500AE8F90 /* Data */ = {
			isa = PBXGroup;
			children = (
				5B0697A729FCF10400AE8F90 /* Network */,
			);
			path = Data;
			sourceTree = "<group>";
		};
		5B0697A729FCF10400AE8F90 /* Network */ = {
			isa = PBXGroup;
			children = (
				5B0697A829FCF11700AE8F90 /* DataMapping */,
				5B0697A529FCEFDF00AE8F90 /* APIEndpoint.swift */,
			);
			path = Network;
			sourceTree = "<group>";
		};
		5B0697A829FCF11700AE8F90 /* DataMapping */ = {
			isa = PBXGroup;
			children = (
				5B0697B429FCF9BB00AE8F90 /* Request */,
				5B0697B329FCF99600AE8F90 /* Response */,
			);
			path = DataMapping;
			sourceTree = "<group>";
		};
		5B0697AD29FCF31200AE8F90 /* FoodInformation */ = {
			isa = PBXGroup;
			children = (
				5B0697AB29FCF19100AE8F90 /* FoodInformationResponseDTO.swift */,
				5B0697A929FCF13700AE8F90 /* FoodInformationDTO.swift */,
			);
			path = FoodInformation;
			sourceTree = "<group>";
		};
		5B0697B229FCF3FE00AE8F90 /* DetailFoodInformation */ = {
			isa = PBXGroup;
			children = (
				5B0697B029FCF3BE00AE8F90 /* DetailFoodInformationResponseDTO.swift */,
				5B0697AE29FCF37200AE8F90 /* DetailFoodInfromationDTO.swift */,
			);
			path = DetailFoodInformation;
			sourceTree = "<group>";
		};
		5B0697B329FCF99600AE8F90 /* Response */ = {
			isa = PBXGroup;
			children = (
				5B0697AD29FCF31200AE8F90 /* FoodInformation */,
				5B0697B229FCF3FE00AE8F90 /* DetailFoodInformation */,
			);
			path = Response;
			sourceTree = "<group>";
		};
		5B0697B429FCF9BB00AE8F90 /* Request */ = {
			isa = PBXGroup;
			children = (
				5B0697B529FCF9CD00AE8F90 /* FoodInformationRequestDTO.swift */,
			);
			path = Request;
			sourceTree = "<group>";
		};
		5B0697B929FD012200AE8F90 /* Endpoint */ = {
			isa = PBXGroup;
			children = (
				5B06979B29FCE36600AE8F90 /* Respondable.swift */,
				5B06979D29FCE41F00AE8F90 /* Requestable.swift */,
				5B06979F29FCE4DA00AE8F90 /* Endpoint.swift */,
			);
			path = Endpoint;
			sourceTree = "<group>";
		};
		5B0697BA29FD013C00AE8F90 /* Service */ = {
			isa = PBXGroup;
			children = (
				5B0697BB29FD015600AE8F90 /* NetworkService.swift */,
			);
			path = Service;
			sourceTree = "<group>";
		};
		5B1016F529F38F3E00AE55F3 = {
			isa = PBXGroup;
			children = (
				5B10170029F38F3F00AE55F3 /* SideDish */,
				5B1016FF29F38F3F00AE55F3 /* Products */,
			);
			sourceTree = "<group>";
		};
		5B1016FF29F38F3F00AE55F3 /* Products */ = {
			isa = PBXGroup;
			children = (
				5B1016FE29F38F3F00AE55F3 /* SideDish.app */,
			);
			name = Products;
			sourceTree = "<group>";
		};
		5B10170029F38F3F00AE55F3 /* SideDish */ = {
			isa = PBXGroup;
			children = (
				5B10171829F392C300AE55F3 /* Presentation */,
				5B5486BC29FE126B004DACAF /* Domain */,
				5B0697A429FCEFC500AE8F90 /* Data */,
				5B06979929FCDF5B00AE8F90 /* Infrastructure */,
				5B10171529F38F8E00AE55F3 /* AppEnvironment */,
				5B10171729F38FC700AE55F3 /* Configuration */,
			);
			path = SideDish;
			sourceTree = "<group>";
		};
		5B10171529F38F8E00AE55F3 /* AppEnvironment */ = {
			isa = PBXGroup;
			children = (
				5B10170129F38F3F00AE55F3 /* AppDelegate.swift */,
				5B10170329F38F3F00AE55F3 /* SceneDelegate.swift */,
			);
			path = AppEnvironment;
			sourceTree = "<group>";
		};
		5B10171629F38FAD00AE55F3 /* View */ = {
			isa = PBXGroup;
			children = (
				5BD412FE2A42B8EC0017D97D /* Home */,
				5BD413092A4414090017D97D /* Detail */,
				5B10172029F3B57000AE55F3 /* Extension */,
				5BD412FF2A42B9280017D97D /* Environment */,
			);
			path = View;
			sourceTree = "<group>";
		};
		5B10171729F38FC700AE55F3 /* Configuration */ = {
			isa = PBXGroup;
			children = (
				5B10170A29F38F4000AE55F3 /* Assets.xcassets */,
				5B10170F29F38F4000AE55F3 /* Info.plist */,
			);
			path = Configuration;
			sourceTree = "<group>";
		};
		5B10171829F392C300AE55F3 /* Presentation */ = {
			isa = PBXGroup;
			children = (
				5B6CD7552A3771450066A672 /* Controller */,
				5B6CD7572A3771CB0066A672 /* CellLayout */,
				5B6CD7562A37714E0066A672 /* DataSource */,
				5B10171929F392EB00AE55F3 /* Cells */,
				5B6CD75E2A3777360066A672 /* ViewModel */,
				5B10171629F38FAD00AE55F3 /* View */,
			);
			path = Presentation;
			sourceTree = "<group>";
		};
		5B10171929F392EB00AE55F3 /* Cells */ = {
			isa = PBXGroup;
			children = (
				5B6CD7512A37703D0066A672 /* Interface */,
				5B10172729F3D12A00AE55F3 /* HomeHeaderView.swift */,
				5B10172529F3CB6E00AE55F3 /* HomeViewCell.swift */,
			);
			path = Cells;
			sourceTree = "<group>";
		};
		5B10172029F3B57000AE55F3 /* Extension */ = {
			isa = PBXGroup;
			children = (
				5B10172129F3B57E00AE55F3 /* extension + UILabel.swift */,
				5B10172329F3B85B00AE55F3 /* extension + UIColor.swift */,
			);
			path = Extension;
			sourceTree = "<group>";
		};
		5B5486BC29FE126B004DACAF /* Domain */ = {
			isa = PBXGroup;
			children = (
				5B5486BD29FE1284004DACAF /* Entity */,
			);
			path = Domain;
			sourceTree = "<group>";
		};
		5B5486BD29FE1284004DACAF /* Entity */ = {
			isa = PBXGroup;
			children = (
				5B6CD7522A3770720066A672 /* Interface */,
				5B5486BE29FE131E004DACAF /* Food.swift */,
			);
			path = Entity;
			sourceTree = "<group>";
		};
		5B6CD7512A37703D0066A672 /* Interface */ = {
			isa = PBXGroup;
			children = (
				5B7806632A12491100809012 /* Reusable.swift */,
			);
			path = Interface;
			sourceTree = "<group>";
		};
		5B6CD7522A3770720066A672 /* Interface */ = {
			isa = PBXGroup;
			children = (
				5B6CD7532A37708E0066A672 /* HomeFoodItem.swift */,
			);
			path = Interface;
			sourceTree = "<group>";
		};
		5B6CD7552A3771450066A672 /* Controller */ = {
			isa = PBXGroup;
			children = (
				5B10170529F38F3F00AE55F3 /* HomeViewController.swift */,
				5BDBB0FE2A3DE51500D03F23 /* DetailViewController.swift */,
			);
			path = Controller;
			sourceTree = "<group>";
		};
		5B6CD7562A37714E0066A672 /* DataSource */ = {
			isa = PBXGroup;
			children = (
				5BAA131F2A060B0300C7E64A /* HomeCollectionViewDataSource.swift */,
			);
			path = DataSource;
			sourceTree = "<group>";
		};
		5B6CD7572A3771CB0066A672 /* CellLayout */ = {
			isa = PBXGroup;
			children = (
				5B6CD75B2A37751C0066A672 /* Layout */,
				5B6CD7582A3771DD0066A672 /* Section */,
			);
			path = CellLayout;
			sourceTree = "<group>";
		};
		5B6CD7582A3771DD0066A672 /* Section */ = {
			isa = PBXGroup;
			children = (
				5B6CD7592A3771E70066A672 /* Section.swift */,
			);
			path = Section;
			sourceTree = "<group>";
		};
		5B6CD75B2A37751C0066A672 /* Layout */ = {
			isa = PBXGroup;
			children = (
				5B6CD75C2A37752F0066A672 /* HomeLayout.swift */,
			);
			path = Layout;
			sourceTree = "<group>";
		};
		5B6CD75E2A3777360066A672 /* ViewModel */ = {
			isa = PBXGroup;
			children = (
				5B6CD7642A39AA9C0066A672 /* Error */,
				5B6CD75F2A3777470066A672 /* Utilities */,
				5B6CD7622A3979FB0066A672 /* HomeViewModel.swift */,
			);
			path = ViewModel;
			sourceTree = "<group>";
		};
		5B6CD75F2A3777470066A672 /* Utilities */ = {
			isa = PBXGroup;
			children = (
				5B6CD7602A3777520066A672 /* Observable.swift */,
			);
			path = Utilities;
			sourceTree = "<group>";
		};
		5B6CD7642A39AA9C0066A672 /* Error */ = {
			isa = PBXGroup;
			children = (
				5B6CD7652A39AAB50066A672 /* ErrorOfHomeViewModel.swift */,
			);
			path = Error;
			sourceTree = "<group>";
		};
		5BD412FE2A42B8EC0017D97D /* Home */ = {
			isa = PBXGroup;
			children = (
				5B10171C29F39B9500AE55F3 /* FoodInformation.swift */,
				5B10171E29F3B3D300AE55F3 /* BargainPriceTypeList.swift */,
			);
			path = Home;
			sourceTree = "<group>";
		};
		5BD412FF2A42B9280017D97D /* Environment */ = {
			isa = PBXGroup;
			children = (
				5B10170729F38F3F00AE55F3 /* Main.storyboard */,
				5B10170C29F38F4000AE55F3 /* LaunchScreen.storyboard */,
			);
			path = Environment;
			sourceTree = "<group>";
		};
		5BD413092A4414090017D97D /* Detail */ = {
			isa = PBXGroup;
			children = (
				5BD413102A4430B80017D97D /* ProductInformation.swift */,
				5BD4130A2A4416F20017D97D /* FoodThumbImages.swift */,
				5BD4130E2A442FC80017D97D /* DetailFoodInfo.swift */,
				5BD413122A4516D30017D97D /* DeliveryInformation.swift */,
				5BD413142A451D370017D97D /* OrderCount.swift */,
			);
			path = Detail;
			sourceTree = "<group>";
		};
/* End PBXGroup section */

/* Begin PBXNativeTarget section */
		5B1016FD29F38F3F00AE55F3 /* SideDish */ = {
			isa = PBXNativeTarget;
			buildConfigurationList = 5B10171229F38F4000AE55F3 /* Build configuration list for PBXNativeTarget "SideDish" */;
			buildPhases = (
				5B1016FA29F38F3F00AE55F3 /* Sources */,
				5B1016FB29F38F3F00AE55F3 /* Frameworks */,
				5B1016FC29F38F3F00AE55F3 /* Resources */,
			);
			buildRules = (
			);
			dependencies = (
			);
			name = SideDish;
			productName = SideDish;
			productReference = 5B1016FE29F38F3F00AE55F3 /* SideDish.app */;
			productType = "com.apple.product-type.application";
		};
/* End PBXNativeTarget section */

/* Begin PBXProject section */
		5B1016F629F38F3F00AE55F3 /* Project object */ = {
			isa = PBXProject;
			attributes = {
				BuildIndependentTargetsInParallel = 1;
				LastSwiftUpdateCheck = 1420;
				LastUpgradeCheck = 1420;
				TargetAttributes = {
					5B1016FD29F38F3F00AE55F3 = {
						CreatedOnToolsVersion = 14.2;
					};
				};
			};
			buildConfigurationList = 5B1016F929F38F3F00AE55F3 /* Build configuration list for PBXProject "SideDish" */;
			compatibilityVersion = "Xcode 14.0";
			developmentRegion = en;
			hasScannedForEncodings = 0;
			knownRegions = (
				en,
				Base,
			);
			mainGroup = 5B1016F529F38F3E00AE55F3;
			productRefGroup = 5B1016FF29F38F3F00AE55F3 /* Products */;
			projectDirPath = "";
			projectRoot = "";
			targets = (
				5B1016FD29F38F3F00AE55F3 /* SideDish */,
			);
		};
/* End PBXProject section */

/* Begin PBXResourcesBuildPhase section */
		5B1016FC29F38F3F00AE55F3 /* Resources */ = {
			isa = PBXResourcesBuildPhase;
			buildActionMask = 2147483647;
			files = (
				5B10170E29F38F4000AE55F3 /* LaunchScreen.storyboard in Resources */,
				5B10170B29F38F4000AE55F3 /* Assets.xcassets in Resources */,
				5B10170929F38F3F00AE55F3 /* Main.storyboard in Resources */,
			);
			runOnlyForDeploymentPostprocessing = 0;
		};
/* End PBXResourcesBuildPhase section */

/* Begin PBXSourcesBuildPhase section */
		5B1016FA29F38F3F00AE55F3 /* Sources */ = {
			isa = PBXSourcesBuildPhase;
			buildActionMask = 2147483647;
			files = (
				5B10170629F38F3F00AE55F3 /* HomeViewController.swift in Sources */,
				5BD4130B2A4416F20017D97D /* FoodThumbImages.swift in Sources */,
				5BD413132A4516D30017D97D /* DeliveryInformation.swift in Sources */,
				5B7806642A12491100809012 /* Reusable.swift in Sources */,
				5B6CD75D2A37752F0066A672 /* HomeLayout.swift in Sources */,
				5B06979C29FCE36600AE8F90 /* Respondable.swift in Sources */,
				5BD413152A451D370017D97D /* OrderCount.swift in Sources */,
				5B10170229F38F3F00AE55F3 /* AppDelegate.swift in Sources */,
				5B0697AC29FCF19100AE8F90 /* FoodInformationResponseDTO.swift in Sources */,
				5BD4130F2A442FC80017D97D /* DetailFoodInfo.swift in Sources */,
				5B0697BE29FD062E00AE8F90 /* HTTPError.swift in Sources */,
				5BDBB0FF2A3DE51500D03F23 /* DetailViewController.swift in Sources */,
				5B0697B629FCF9CD00AE8F90 /* FoodInformationRequestDTO.swift in Sources */,
				5B10172629F3CB6E00AE55F3 /* HomeViewCell.swift in Sources */,
				5B0697AF29FCF37200AE8F90 /* DetailFoodInfromationDTO.swift in Sources */,
				5B6CD75A2A3771E70066A672 /* Section.swift in Sources */,
				5B6CD7542A37708E0066A672 /* HomeFoodItem.swift in Sources */,
				5B10172829F3D12A00AE55F3 /* HomeHeaderView.swift in Sources */,
				5B6CD7632A3979FB0066A672 /* HomeViewModel.swift in Sources */,
				5B10172229F3B57E00AE55F3 /* extension + UILabel.swift in Sources */,
				5B0697B129FCF3BE00AE8F90 /* DetailFoodInformationResponseDTO.swift in Sources */,
				5B10172429F3B85B00AE55F3 /* extension + UIColor.swift in Sources */,
				5B6CD7662A39AAB50066A672 /* ErrorOfHomeViewModel.swift in Sources */,
				5B0697AA29FCF13700AE8F90 /* FoodInformationDTO.swift in Sources */,
				5B0697A629FCEFDF00AE8F90 /* APIEndpoint.swift in Sources */,
				5B0697BC29FD015600AE8F90 /* NetworkService.swift in Sources */,
				5B10171F29F3B3D300AE55F3 /* BargainPriceTypeList.swift in Sources */,
				5B10171D29F39B9500AE55F3 /* FoodInformation.swift in Sources */,
				5B06979E29FCE41F00AE8F90 /* Requestable.swift in Sources */,
				5B0697B829FCFB9200AE8F90 /* APIMagicLiteral.swift in Sources */,
				5BAA13202A060B0300C7E64A /* HomeCollectionViewDataSource.swift in Sources */,
				5B6CD7612A3777520066A672 /* Observable.swift in Sources */,
				5B5486BF29FE131E004DACAF /* Food.swift in Sources */,
				5B0697A329FCE5AA00AE8F90 /* NetworkError.swift in Sources */,
				5B0697A029FCE4DA00AE8F90 /* Endpoint.swift in Sources */,
				5B10170429F38F3F00AE55F3 /* SceneDelegate.swift in Sources */,
				5BD413112A4430B80017D97D /* ProductInformation.swift in Sources */,
			);
			runOnlyForDeploymentPostprocessing = 0;
		};
/* End PBXSourcesBuildPhase section */

/* Begin PBXVariantGroup section */
		5B10170729F38F3F00AE55F3 /* Main.storyboard */ = {
			isa = PBXVariantGroup;
			children = (
				5B10170829F38F3F00AE55F3 /* Base */,
			);
			name = Main.storyboard;
			sourceTree = "<group>";
		};
		5B10170C29F38F4000AE55F3 /* LaunchScreen.storyboard */ = {
			isa = PBXVariantGroup;
			children = (
				5B10170D29F38F4000AE55F3 /* Base */,
			);
			name = LaunchScreen.storyboard;
			sourceTree = "<group>";
		};
/* End PBXVariantGroup section */

/* Begin XCBuildConfiguration section */
		5B10171029F38F4000AE55F3 /* Debug */ = {
			isa = XCBuildConfiguration;
			buildSettings = {
				ALWAYS_SEARCH_USER_PATHS = NO;
				CLANG_ANALYZER_NONNULL = YES;
				CLANG_ANALYZER_NUMBER_OBJECT_CONVERSION = YES_AGGRESSIVE;
				CLANG_CXX_LANGUAGE_STANDARD = "gnu++20";
				CLANG_ENABLE_MODULES = YES;
				CLANG_ENABLE_OBJC_ARC = YES;
				CLANG_ENABLE_OBJC_WEAK = YES;
				CLANG_WARN_BLOCK_CAPTURE_AUTORELEASING = YES;
				CLANG_WARN_BOOL_CONVERSION = YES;
				CLANG_WARN_COMMA = YES;
				CLANG_WARN_CONSTANT_CONVERSION = YES;
				CLANG_WARN_DEPRECATED_OBJC_IMPLEMENTATIONS = YES;
				CLANG_WARN_DIRECT_OBJC_ISA_USAGE = YES_ERROR;
				CLANG_WARN_DOCUMENTATION_COMMENTS = YES;
				CLANG_WARN_EMPTY_BODY = YES;
				CLANG_WARN_ENUM_CONVERSION = YES;
				CLANG_WARN_INFINITE_RECURSION = YES;
				CLANG_WARN_INT_CONVERSION = YES;
				CLANG_WARN_NON_LITERAL_NULL_CONVERSION = YES;
				CLANG_WARN_OBJC_IMPLICIT_RETAIN_SELF = YES;
				CLANG_WARN_OBJC_LITERAL_CONVERSION = YES;
				CLANG_WARN_OBJC_ROOT_CLASS = YES_ERROR;
				CLANG_WARN_QUOTED_INCLUDE_IN_FRAMEWORK_HEADER = YES;
				CLANG_WARN_RANGE_LOOP_ANALYSIS = YES;
				CLANG_WARN_STRICT_PROTOTYPES = YES;
				CLANG_WARN_SUSPICIOUS_MOVE = YES;
				CLANG_WARN_UNGUARDED_AVAILABILITY = YES_AGGRESSIVE;
				CLANG_WARN_UNREACHABLE_CODE = YES;
				CLANG_WARN__DUPLICATE_METHOD_MATCH = YES;
				COPY_PHASE_STRIP = NO;
				DEBUG_INFORMATION_FORMAT = dwarf;
				ENABLE_STRICT_OBJC_MSGSEND = YES;
				ENABLE_TESTABILITY = YES;
				GCC_C_LANGUAGE_STANDARD = gnu11;
				GCC_DYNAMIC_NO_PIC = NO;
				GCC_NO_COMMON_BLOCKS = YES;
				GCC_OPTIMIZATION_LEVEL = 0;
				GCC_PREPROCESSOR_DEFINITIONS = (
					"DEBUG=1",
					"$(inherited)",
				);
				GCC_WARN_64_TO_32_BIT_CONVERSION = YES;
				GCC_WARN_ABOUT_RETURN_TYPE = YES_ERROR;
				GCC_WARN_UNDECLARED_SELECTOR = YES;
				GCC_WARN_UNINITIALIZED_AUTOS = YES_AGGRESSIVE;
				GCC_WARN_UNUSED_FUNCTION = YES;
				GCC_WARN_UNUSED_VARIABLE = YES;
				IPHONEOS_DEPLOYMENT_TARGET = 14.0;
				MTL_ENABLE_DEBUG_INFO = INCLUDE_SOURCE;
				MTL_FAST_MATH = YES;
				ONLY_ACTIVE_ARCH = YES;
				SDKROOT = iphoneos;
				SWIFT_ACTIVE_COMPILATION_CONDITIONS = DEBUG;
				SWIFT_OPTIMIZATION_LEVEL = "-Onone";
			};
			name = Debug;
		};
		5B10171129F38F4000AE55F3 /* Release */ = {
			isa = XCBuildConfiguration;
			buildSettings = {
				ALWAYS_SEARCH_USER_PATHS = NO;
				CLANG_ANALYZER_NONNULL = YES;
				CLANG_ANALYZER_NUMBER_OBJECT_CONVERSION = YES_AGGRESSIVE;
				CLANG_CXX_LANGUAGE_STANDARD = "gnu++20";
				CLANG_ENABLE_MODULES = YES;
				CLANG_ENABLE_OBJC_ARC = YES;
				CLANG_ENABLE_OBJC_WEAK = YES;
				CLANG_WARN_BLOCK_CAPTURE_AUTORELEASING = YES;
				CLANG_WARN_BOOL_CONVERSION = YES;
				CLANG_WARN_COMMA = YES;
				CLANG_WARN_CONSTANT_CONVERSION = YES;
				CLANG_WARN_DEPRECATED_OBJC_IMPLEMENTATIONS = YES;
				CLANG_WARN_DIRECT_OBJC_ISA_USAGE = YES_ERROR;
				CLANG_WARN_DOCUMENTATION_COMMENTS = YES;
				CLANG_WARN_EMPTY_BODY = YES;
				CLANG_WARN_ENUM_CONVERSION = YES;
				CLANG_WARN_INFINITE_RECURSION = YES;
				CLANG_WARN_INT_CONVERSION = YES;
				CLANG_WARN_NON_LITERAL_NULL_CONVERSION = YES;
				CLANG_WARN_OBJC_IMPLICIT_RETAIN_SELF = YES;
				CLANG_WARN_OBJC_LITERAL_CONVERSION = YES;
				CLANG_WARN_OBJC_ROOT_CLASS = YES_ERROR;
				CLANG_WARN_QUOTED_INCLUDE_IN_FRAMEWORK_HEADER = YES;
				CLANG_WARN_RANGE_LOOP_ANALYSIS = YES;
				CLANG_WARN_STRICT_PROTOTYPES = YES;
				CLANG_WARN_SUSPICIOUS_MOVE = YES;
				CLANG_WARN_UNGUARDED_AVAILABILITY = YES_AGGRESSIVE;
				CLANG_WARN_UNREACHABLE_CODE = YES;
				CLANG_WARN__DUPLICATE_METHOD_MATCH = YES;
				COPY_PHASE_STRIP = NO;
				DEBUG_INFORMATION_FORMAT = "dwarf-with-dsym";
				ENABLE_NS_ASSERTIONS = NO;
				ENABLE_STRICT_OBJC_MSGSEND = YES;
				GCC_C_LANGUAGE_STANDARD = gnu11;
				GCC_NO_COMMON_BLOCKS = YES;
				GCC_WARN_64_TO_32_BIT_CONVERSION = YES;
				GCC_WARN_ABOUT_RETURN_TYPE = YES_ERROR;
				GCC_WARN_UNDECLARED_SELECTOR = YES;
				GCC_WARN_UNINITIALIZED_AUTOS = YES_AGGRESSIVE;
				GCC_WARN_UNUSED_FUNCTION = YES;
				GCC_WARN_UNUSED_VARIABLE = YES;
				IPHONEOS_DEPLOYMENT_TARGET = 14.0;
				MTL_ENABLE_DEBUG_INFO = NO;
				MTL_FAST_MATH = YES;
				SDKROOT = iphoneos;
				SWIFT_COMPILATION_MODE = wholemodule;
				SWIFT_OPTIMIZATION_LEVEL = "-O";
				VALIDATE_PRODUCT = YES;
			};
			name = Release;
		};
		5B10171329F38F4000AE55F3 /* Debug */ = {
			isa = XCBuildConfiguration;
			buildSettings = {
				ASSETCATALOG_COMPILER_APPICON_NAME = AppIcon;
				ASSETCATALOG_COMPILER_GLOBAL_ACCENT_COLOR_NAME = AccentColor;
				CODE_SIGN_STYLE = Automatic;
				CURRENT_PROJECT_VERSION = 1;
				DEVELOPMENT_TEAM = LSMZ653R3K;
				GENERATE_INFOPLIST_FILE = YES;
				INFOPLIST_FILE = SideDish/Configuration/Info.plist;
				INFOPLIST_KEY_UIApplicationSupportsIndirectInputEvents = YES;
				INFOPLIST_KEY_UILaunchStoryboardName = LaunchScreen;
				INFOPLIST_KEY_UIMainStoryboardFile = Main;
				INFOPLIST_KEY_UISupportedInterfaceOrientations_iPad = "UIInterfaceOrientationPortrait UIInterfaceOrientationPortraitUpsideDown UIInterfaceOrientationLandscapeLeft UIInterfaceOrientationLandscapeRight";
				INFOPLIST_KEY_UISupportedInterfaceOrientations_iPhone = "UIInterfaceOrientationPortrait UIInterfaceOrientationLandscapeLeft UIInterfaceOrientationLandscapeRight";
				IPHONEOS_DEPLOYMENT_TARGET = 14.0;
				LD_RUNPATH_SEARCH_PATHS = (
					"$(inherited)",
					"@executable_path/Frameworks",
				);
				MARKETING_VERSION = 1.0;
				PRODUCT_BUNDLE_IDENTIFIER = Jason.SideDish;
				PRODUCT_NAME = "$(TARGET_NAME)";
				SWIFT_EMIT_LOC_STRINGS = YES;
				SWIFT_VERSION = 5.0;
				TARGETED_DEVICE_FAMILY = "1,2";
			};
			name = Debug;
		};
		5B10171429F38F4000AE55F3 /* Release */ = {
			isa = XCBuildConfiguration;
			buildSettings = {
				ASSETCATALOG_COMPILER_APPICON_NAME = AppIcon;
				ASSETCATALOG_COMPILER_GLOBAL_ACCENT_COLOR_NAME = AccentColor;
				CODE_SIGN_STYLE = Automatic;
				CURRENT_PROJECT_VERSION = 1;
				DEVELOPMENT_TEAM = LSMZ653R3K;
				GENERATE_INFOPLIST_FILE = YES;
				INFOPLIST_FILE = SideDish/Configuration/Info.plist;
				INFOPLIST_KEY_UIApplicationSupportsIndirectInputEvents = YES;
				INFOPLIST_KEY_UILaunchStoryboardName = LaunchScreen;
				INFOPLIST_KEY_UIMainStoryboardFile = Main;
				INFOPLIST_KEY_UISupportedInterfaceOrientations_iPad = "UIInterfaceOrientationPortrait UIInterfaceOrientationPortraitUpsideDown UIInterfaceOrientationLandscapeLeft UIInterfaceOrientationLandscapeRight";
				INFOPLIST_KEY_UISupportedInterfaceOrientations_iPhone = "UIInterfaceOrientationPortrait UIInterfaceOrientationLandscapeLeft UIInterfaceOrientationLandscapeRight";
				IPHONEOS_DEPLOYMENT_TARGET = 14.0;
				LD_RUNPATH_SEARCH_PATHS = (
					"$(inherited)",
					"@executable_path/Frameworks",
				);
				MARKETING_VERSION = 1.0;
				PRODUCT_BUNDLE_IDENTIFIER = Jason.SideDish;
				PRODUCT_NAME = "$(TARGET_NAME)";
				SWIFT_EMIT_LOC_STRINGS = YES;
				SWIFT_VERSION = 5.0;
				TARGETED_DEVICE_FAMILY = "1,2";
			};
			name = Release;
		};
/* End XCBuildConfiguration section */

/* Begin XCConfigurationList section */
		5B1016F929F38F3F00AE55F3 /* Build configuration list for PBXProject "SideDish" */ = {
			isa = XCConfigurationList;
			buildConfigurations = (
				5B10171029F38F4000AE55F3 /* Debug */,
				5B10171129F38F4000AE55F3 /* Release */,
			);
			defaultConfigurationIsVisible = 0;
			defaultConfigurationName = Release;
		};
		5B10171229F38F4000AE55F3 /* Build configuration list for PBXNativeTarget "SideDish" */ = {
			isa = XCConfigurationList;
			buildConfigurations = (
				5B10171329F38F4000AE55F3 /* Debug */,
				5B10171429F38F4000AE55F3 /* Release */,
			);
			defaultConfigurationIsVisible = 0;
			defaultConfigurationName = Release;
		};
/* End XCConfigurationList section */
	};
	rootObject = 5B1016F629F38F3F00AE55F3 /* Project object */;
}
