// !$*UTF8*$!
{
	archiveVersion = 1;
	classes = {
	};
	objectVersion = 56;
	objects = {

/* Begin PBXBuildFile section */
		5B10170229F38F3F00AE55F3 /* AppDelegate.swift in Sources */ = {isa = PBXBuildFile; fileRef = 5B10170129F38F3F00AE55F3 /* AppDelegate.swift */; };
		5B10170429F38F3F00AE55F3 /* SceneDelegate.swift in Sources */ = {isa = PBXBuildFile; fileRef = 5B10170329F38F3F00AE55F3 /* SceneDelegate.swift */; };
		5B10170629F38F3F00AE55F3 /* HomeViewController.swift in Sources */ = {isa = PBXBuildFile; fileRef = 5B10170529F38F3F00AE55F3 /* HomeViewController.swift */; };
		5B10170929F38F3F00AE55F3 /* Main.storyboard in Resources */ = {isa = PBXBuildFile; fileRef = 5B10170729F38F3F00AE55F3 /* Main.storyboard */; };
		5B10170B29F38F4000AE55F3 /* Assets.xcassets in Resources */ = {isa = PBXBuildFile; fileRef = 5B10170A29F38F4000AE55F3 /* Assets.xcassets */; };
		5B10170E29F38F4000AE55F3 /* LaunchScreen.storyboard in Resources */ = {isa = PBXBuildFile; fileRef = 5B10170C29F38F4000AE55F3 /* LaunchScreen.storyboard */; };
		5B10171D29F39B9500AE55F3 /* FoodInformation.swift in Sources */ = {isa = PBXBuildFile; fileRef = 5B10171C29F39B9500AE55F3 /* FoodInformation.swift */; };
		5B10171F29F3B3D300AE55F3 /* BargainPriceTypeList.swift in Sources */ = {isa = PBXBuildFile; fileRef = 5B10171E29F3B3D300AE55F3 /* BargainPriceTypeList.swift */; };
		5B10172229F3B57E00AE55F3 /* extension + UILabel.swift in Sources */ = {isa = PBXBuildFile; fileRef = 5B10172129F3B57E00AE55F3 /* extension + UILabel.swift */; };
		5B10172429F3B85B00AE55F3 /* extension + UIColor.swift in Sources */ = {isa = PBXBuildFile; fileRef = 5B10172329F3B85B00AE55F3 /* extension + UIColor.swift */; };
		5B10172629F3CB6E00AE55F3 /* HomeViewCell.swift in Sources */ = {isa = PBXBuildFile; fileRef = 5B10172529F3CB6E00AE55F3 /* HomeViewCell.swift */; };
/* End PBXBuildFile section */

/* Begin PBXFileReference section */
		5B1016FE29F38F3F00AE55F3 /* SideDish.app */ = {isa = PBXFileReference; explicitFileType = wrapper.application; includeInIndex = 0; path = SideDish.app; sourceTree = BUILT_PRODUCTS_DIR; };
		5B10170129F38F3F00AE55F3 /* AppDelegate.swift */ = {isa = PBXFileReference; lastKnownFileType = sourcecode.swift; path = AppDelegate.swift; sourceTree = "<group>"; };
		5B10170329F38F3F00AE55F3 /* SceneDelegate.swift */ = {isa = PBXFileReference; lastKnownFileType = sourcecode.swift; path = SceneDelegate.swift; sourceTree = "<group>"; };
		5B10170529F38F3F00AE55F3 /* HomeViewController.swift */ = {isa = PBXFileReference; lastKnownFileType = sourcecode.swift; path = HomeViewController.swift; sourceTree = "<group>"; };
		5B10170829F38F3F00AE55F3 /* Base */ = {isa = PBXFileReference; lastKnownFileType = file.storyboard; name = Base; path = Base.lproj/Main.storyboard; sourceTree = "<group>"; };
		5B10170A29F38F4000AE55F3 /* Assets.xcassets */ = {isa = PBXFileReference; lastKnownFileType = folder.assetcatalog; path = Assets.xcassets; sourceTree = "<group>"; };
		5B10170D29F38F4000AE55F3 /* Base */ = {isa = PBXFileReference; lastKnownFileType = file.storyboard; name = Base; path = Base.lproj/LaunchScreen.storyboard; sourceTree = "<group>"; };
		5B10170F29F38F4000AE55F3 /* Info.plist */ = {isa = PBXFileReference; lastKnownFileType = text.plist.xml; path = Info.plist; sourceTree = "<group>"; };
		5B10171C29F39B9500AE55F3 /* FoodInformation.swift */ = {isa = PBXFileReference; lastKnownFileType = sourcecode.swift; path = FoodInformation.swift; sourceTree = "<group>"; };
		5B10171E29F3B3D300AE55F3 /* BargainPriceTypeList.swift */ = {isa = PBXFileReference; lastKnownFileType = sourcecode.swift; path = BargainPriceTypeList.swift; sourceTree = "<group>"; };
		5B10172129F3B57E00AE55F3 /* extension + UILabel.swift */ = {isa = PBXFileReference; lastKnownFileType = sourcecode.swift; path = "extension + UILabel.swift"; sourceTree = "<group>"; };
		5B10172329F3B85B00AE55F3 /* extension + UIColor.swift */ = {isa = PBXFileReference; lastKnownFileType = sourcecode.swift; path = "extension + UIColor.swift"; sourceTree = "<group>"; };
		5B10172529F3CB6E00AE55F3 /* HomeViewCell.swift */ = {isa = PBXFileReference; lastKnownFileType = sourcecode.swift; path = HomeViewCell.swift; sourceTree = "<group>"; };
/* End PBXFileReference section */

/* Begin PBXFrameworksBuildPhase section */
		5B1016FB29F38F3F00AE55F3 /* Frameworks */ = {
			isa = PBXFrameworksBuildPhase;
			buildActionMask = 2147483647;
			files = (
			);
			runOnlyForDeploymentPostprocessing = 0;
		};
/* End PBXFrameworksBuildPhase section */

/* Begin PBXGroup section */
		5B1016F529F38F3E00AE55F3 = {
			isa = PBXGroup;
			children = (
				5B10170029F38F3F00AE55F3 /* SideDish */,
				5B1016FF29F38F3F00AE55F3 /* Products */,
			);
			sourceTree = "<group>";
		};
		5B1016FF29F38F3F00AE55F3 /* Products */ = {
			isa = PBXGroup;
			children = (
				5B1016FE29F38F3F00AE55F3 /* SideDish.app */,
			);
			name = Products;
			sourceTree = "<group>";
		};
		5B10170029F38F3F00AE55F3 /* SideDish */ = {
			isa = PBXGroup;
			children = (
				5B10171829F392C300AE55F3 /* Presentation */,
				5B10171529F38F8E00AE55F3 /* AppEnvironment */,
				5B10171729F38FC700AE55F3 /* Configuration */,
			);
			path = SideDish;
			sourceTree = "<group>";
		};
		5B10171529F38F8E00AE55F3 /* AppEnvironment */ = {
			isa = PBXGroup;
			children = (
				5B10170129F38F3F00AE55F3 /* AppDelegate.swift */,
				5B10170329F38F3F00AE55F3 /* SceneDelegate.swift */,
			);
			path = AppEnvironment;
			sourceTree = "<group>";
		};
		5B10171629F38FAD00AE55F3 /* View */ = {
			isa = PBXGroup;
			children = (
				5B10172029F3B57000AE55F3 /* Extension */,
				5B10170729F38F3F00AE55F3 /* Main.storyboard */,
				5B10170C29F38F4000AE55F3 /* LaunchScreen.storyboard */,
				5B10171C29F39B9500AE55F3 /* FoodInformation.swift */,
				5B10171E29F3B3D300AE55F3 /* BargainPriceTypeList.swift */,
			);
			path = View;
			sourceTree = "<group>";
		};
		5B10171729F38FC700AE55F3 /* Configuration */ = {
			isa = PBXGroup;
			children = (
				5B10170A29F38F4000AE55F3 /* Assets.xcassets */,
				5B10170F29F38F4000AE55F3 /* Info.plist */,
			);
			path = Configuration;
			sourceTree = "<group>";
		};
		5B10171829F392C300AE55F3 /* Presentation */ = {
			isa = PBXGroup;
			children = (
				5B10170529F38F3F00AE55F3 /* HomeViewController.swift */,
				5B10171929F392EB00AE55F3 /* Cells */,
				5B10171629F38FAD00AE55F3 /* View */,
			);
			path = Presentation;
			sourceTree = "<group>";
		};
		5B10171929F392EB00AE55F3 /* Cells */ = {
			isa = PBXGroup;
			children = (
				5B10172529F3CB6E00AE55F3 /* HomeViewCell.swift */,
			);
			path = Cells;
			sourceTree = "<group>";
		};
		5B10172029F3B57000AE55F3 /* Extension */ = {
			isa = PBXGroup;
			children = (
				5B10172129F3B57E00AE55F3 /* extension + UILabel.swift */,
				5B10172329F3B85B00AE55F3 /* extension + UIColor.swift */,
			);
			path = Extension;
			sourceTree = "<group>";
		};
/* End PBXGroup section */

/* Begin PBXNativeTarget section */
		5B1016FD29F38F3F00AE55F3 /* SideDish */ = {
			isa = PBXNativeTarget;
			buildConfigurationList = 5B10171229F38F4000AE55F3 /* Build configuration list for PBXNativeTarget "SideDish" */;
			buildPhases = (
				5B1016FA29F38F3F00AE55F3 /* Sources */,
				5B1016FB29F38F3F00AE55F3 /* Frameworks */,
				5B1016FC29F38F3F00AE55F3 /* Resources */,
			);
			buildRules = (
			);
			dependencies = (
			);
			name = SideDish;
			productName = SideDish;
			productReference = 5B1016FE29F38F3F00AE55F3 /* SideDish.app */;
			productType = "com.apple.product-type.application";
		};
/* End PBXNativeTarget section */

/* Begin PBXProject section */
		5B1016F629F38F3F00AE55F3 /* Project object */ = {
			isa = PBXProject;
			attributes = {
				BuildIndependentTargetsInParallel = 1;
				LastSwiftUpdateCheck = 1420;
				LastUpgradeCheck = 1420;
				TargetAttributes = {
					5B1016FD29F38F3F00AE55F3 = {
						CreatedOnToolsVersion = 14.2;
					};
				};
			};
			buildConfigurationList = 5B1016F929F38F3F00AE55F3 /* Build configuration list for PBXProject "SideDish" */;
			compatibilityVersion = "Xcode 14.0";
			developmentRegion = en;
			hasScannedForEncodings = 0;
			knownRegions = (
				en,
				Base,
			);
			mainGroup = 5B1016F529F38F3E00AE55F3;
			productRefGroup = 5B1016FF29F38F3F00AE55F3 /* Products */;
			projectDirPath = "";
			projectRoot = "";
			targets = (
				5B1016FD29F38F3F00AE55F3 /* SideDish */,
			);
		};
/* End PBXProject section */

/* Begin PBXResourcesBuildPhase section */
		5B1016FC29F38F3F00AE55F3 /* Resources */ = {
			isa = PBXResourcesBuildPhase;
			buildActionMask = 2147483647;
			files = (
				5B10170E29F38F4000AE55F3 /* LaunchScreen.storyboard in Resources */,
				5B10170B29F38F4000AE55F3 /* Assets.xcassets in Resources */,
				5B10170929F38F3F00AE55F3 /* Main.storyboard in Resources */,
			);
			runOnlyForDeploymentPostprocessing = 0;
		};
/* End PBXResourcesBuildPhase section */

/* Begin PBXSourcesBuildPhase section */
		5B1016FA29F38F3F00AE55F3 /* Sources */ = {
			isa = PBXSourcesBuildPhase;
			buildActionMask = 2147483647;
			files = (
				5B10170629F38F3F00AE55F3 /* HomeViewController.swift in Sources */,
				5B10170229F38F3F00AE55F3 /* AppDelegate.swift in Sources */,
				5B10172629F3CB6E00AE55F3 /* HomeViewCell.swift in Sources */,
				5B10172229F3B57E00AE55F3 /* extension + UILabel.swift in Sources */,
				5B10172429F3B85B00AE55F3 /* extension + UIColor.swift in Sources */,
				5B10171F29F3B3D300AE55F3 /* BargainPriceTypeList.swift in Sources */,
				5B10171D29F39B9500AE55F3 /* FoodInformation.swift in Sources */,
				5B10170429F38F3F00AE55F3 /* SceneDelegate.swift in Sources */,
			);
			runOnlyForDeploymentPostprocessing = 0;
		};
/* End PBXSourcesBuildPhase section */

/* Begin PBXVariantGroup section */
		5B10170729F38F3F00AE55F3 /* Main.storyboard */ = {
			isa = PBXVariantGroup;
			children = (
				5B10170829F38F3F00AE55F3 /* Base */,
			);
			name = Main.storyboard;
			sourceTree = "<group>";
		};
		5B10170C29F38F4000AE55F3 /* LaunchScreen.storyboard */ = {
			isa = PBXVariantGroup;
			children = (
				5B10170D29F38F4000AE55F3 /* Base */,
			);
			name = LaunchScreen.storyboard;
			sourceTree = "<group>";
		};
/* End PBXVariantGroup section */

/* Begin XCBuildConfiguration section */
		5B10171029F38F4000AE55F3 /* Debug */ = {
			isa = XCBuildConfiguration;
			buildSettings = {
				ALWAYS_SEARCH_USER_PATHS = NO;
				CLANG_ANALYZER_NONNULL = YES;
				CLANG_ANALYZER_NUMBER_OBJECT_CONVERSION = YES_AGGRESSIVE;
				CLANG_CXX_LANGUAGE_STANDARD = "gnu++20";
				CLANG_ENABLE_MODULES = YES;
				CLANG_ENABLE_OBJC_ARC = YES;
				CLANG_ENABLE_OBJC_WEAK = YES;
				CLANG_WARN_BLOCK_CAPTURE_AUTORELEASING = YES;
				CLANG_WARN_BOOL_CONVERSION = YES;
				CLANG_WARN_COMMA = YES;
				CLANG_WARN_CONSTANT_CONVERSION = YES;
				CLANG_WARN_DEPRECATED_OBJC_IMPLEMENTATIONS = YES;
				CLANG_WARN_DIRECT_OBJC_ISA_USAGE = YES_ERROR;
				CLANG_WARN_DOCUMENTATION_COMMENTS = YES;
				CLANG_WARN_EMPTY_BODY = YES;
				CLANG_WARN_ENUM_CONVERSION = YES;
				CLANG_WARN_INFINITE_RECURSION = YES;
				CLANG_WARN_INT_CONVERSION = YES;
				CLANG_WARN_NON_LITERAL_NULL_CONVERSION = YES;
				CLANG_WARN_OBJC_IMPLICIT_RETAIN_SELF = YES;
				CLANG_WARN_OBJC_LITERAL_CONVERSION = YES;
				CLANG_WARN_OBJC_ROOT_CLASS = YES_ERROR;
				CLANG_WARN_QUOTED_INCLUDE_IN_FRAMEWORK_HEADER = YES;
				CLANG_WARN_RANGE_LOOP_ANALYSIS = YES;
				CLANG_WARN_STRICT_PROTOTYPES = YES;
				CLANG_WARN_SUSPICIOUS_MOVE = YES;
				CLANG_WARN_UNGUARDED_AVAILABILITY = YES_AGGRESSIVE;
				CLANG_WARN_UNREACHABLE_CODE = YES;
				CLANG_WARN__DUPLICATE_METHOD_MATCH = YES;
				COPY_PHASE_STRIP = NO;
				DEBUG_INFORMATION_FORMAT = dwarf;
				ENABLE_STRICT_OBJC_MSGSEND = YES;
				ENABLE_TESTABILITY = YES;
				GCC_C_LANGUAGE_STANDARD = gnu11;
				GCC_DYNAMIC_NO_PIC = NO;
				GCC_NO_COMMON_BLOCKS = YES;
				GCC_OPTIMIZATION_LEVEL = 0;
				GCC_PREPROCESSOR_DEFINITIONS = (
					"DEBUG=1",
					"$(inherited)",
				);
				GCC_WARN_64_TO_32_BIT_CONVERSION = YES;
				GCC_WARN_ABOUT_RETURN_TYPE = YES_ERROR;
				GCC_WARN_UNDECLARED_SELECTOR = YES;
				GCC_WARN_UNINITIALIZED_AUTOS = YES_AGGRESSIVE;
				GCC_WARN_UNUSED_FUNCTION = YES;
				GCC_WARN_UNUSED_VARIABLE = YES;
				IPHONEOS_DEPLOYMENT_TARGET = 14.0;
				MTL_ENABLE_DEBUG_INFO = INCLUDE_SOURCE;
				MTL_FAST_MATH = YES;
				ONLY_ACTIVE_ARCH = YES;
				SDKROOT = iphoneos;
				SWIFT_ACTIVE_COMPILATION_CONDITIONS = DEBUG;
				SWIFT_OPTIMIZATION_LEVEL = "-Onone";
			};
			name = Debug;
		};
		5B10171129F38F4000AE55F3 /* Release */ = {
			isa = XCBuildConfiguration;
			buildSettings = {
				ALWAYS_SEARCH_USER_PATHS = NO;
				CLANG_ANALYZER_NONNULL = YES;
				CLANG_ANALYZER_NUMBER_OBJECT_CONVERSION = YES_AGGRESSIVE;
				CLANG_CXX_LANGUAGE_STANDARD = "gnu++20";
				CLANG_ENABLE_MODULES = YES;
				CLANG_ENABLE_OBJC_ARC = YES;
				CLANG_ENABLE_OBJC_WEAK = YES;
				CLANG_WARN_BLOCK_CAPTURE_AUTORELEASING = YES;
				CLANG_WARN_BOOL_CONVERSION = YES;
				CLANG_WARN_COMMA = YES;
				CLANG_WARN_CONSTANT_CONVERSION = YES;
				CLANG_WARN_DEPRECATED_OBJC_IMPLEMENTATIONS = YES;
				CLANG_WARN_DIRECT_OBJC_ISA_USAGE = YES_ERROR;
				CLANG_WARN_DOCUMENTATION_COMMENTS = YES;
				CLANG_WARN_EMPTY_BODY = YES;
				CLANG_WARN_ENUM_CONVERSION = YES;
				CLANG_WARN_INFINITE_RECURSION = YES;
				CLANG_WARN_INT_CONVERSION = YES;
				CLANG_WARN_NON_LITERAL_NULL_CONVERSION = YES;
				CLANG_WARN_OBJC_IMPLICIT_RETAIN_SELF = YES;
				CLANG_WARN_OBJC_LITERAL_CONVERSION = YES;
				CLANG_WARN_OBJC_ROOT_CLASS = YES_ERROR;
				CLANG_WARN_QUOTED_INCLUDE_IN_FRAMEWORK_HEADER = YES;
				CLANG_WARN_RANGE_LOOP_ANALYSIS = YES;
				CLANG_WARN_STRICT_PROTOTYPES = YES;
				CLANG_WARN_SUSPICIOUS_MOVE = YES;
				CLANG_WARN_UNGUARDED_AVAILABILITY = YES_AGGRESSIVE;
				CLANG_WARN_UNREACHABLE_CODE = YES;
				CLANG_WARN__DUPLICATE_METHOD_MATCH = YES;
				COPY_PHASE_STRIP = NO;
				DEBUG_INFORMATION_FORMAT = "dwarf-with-dsym";
				ENABLE_NS_ASSERTIONS = NO;
				ENABLE_STRICT_OBJC_MSGSEND = YES;
				GCC_C_LANGUAGE_STANDARD = gnu11;
				GCC_NO_COMMON_BLOCKS = YES;
				GCC_WARN_64_TO_32_BIT_CONVERSION = YES;
				GCC_WARN_ABOUT_RETURN_TYPE = YES_ERROR;
				GCC_WARN_UNDECLARED_SELECTOR = YES;
				GCC_WARN_UNINITIALIZED_AUTOS = YES_AGGRESSIVE;
				GCC_WARN_UNUSED_FUNCTION = YES;
				GCC_WARN_UNUSED_VARIABLE = YES;
				IPHONEOS_DEPLOYMENT_TARGET = 14.0;
				MTL_ENABLE_DEBUG_INFO = NO;
				MTL_FAST_MATH = YES;
				SDKROOT = iphoneos;
				SWIFT_COMPILATION_MODE = wholemodule;
				SWIFT_OPTIMIZATION_LEVEL = "-O";
				VALIDATE_PRODUCT = YES;
			};
			name = Release;
		};
		5B10171329F38F4000AE55F3 /* Debug */ = {
			isa = XCBuildConfiguration;
			buildSettings = {
				ASSETCATALOG_COMPILER_APPICON_NAME = AppIcon;
				ASSETCATALOG_COMPILER_GLOBAL_ACCENT_COLOR_NAME = AccentColor;
				CODE_SIGN_STYLE = Automatic;
				CURRENT_PROJECT_VERSION = 1;
				DEVELOPMENT_TEAM = LSMZ653R3K;
				GENERATE_INFOPLIST_FILE = YES;
				INFOPLIST_FILE = SideDish/Configuration/Info.plist;
				INFOPLIST_KEY_UIApplicationSupportsIndirectInputEvents = YES;
				INFOPLIST_KEY_UILaunchStoryboardName = LaunchScreen;
				INFOPLIST_KEY_UIMainStoryboardFile = Main;
				INFOPLIST_KEY_UISupportedInterfaceOrientations_iPad = "UIInterfaceOrientationPortrait UIInterfaceOrientationPortraitUpsideDown UIInterfaceOrientationLandscapeLeft UIInterfaceOrientationLandscapeRight";
				INFOPLIST_KEY_UISupportedInterfaceOrientations_iPhone = "UIInterfaceOrientationPortrait UIInterfaceOrientationLandscapeLeft UIInterfaceOrientationLandscapeRight";
				IPHONEOS_DEPLOYMENT_TARGET = 14.0;
				LD_RUNPATH_SEARCH_PATHS = (
					"$(inherited)",
					"@executable_path/Frameworks",
				);
				MARKETING_VERSION = 1.0;
				PRODUCT_BUNDLE_IDENTIFIER = Jason.SideDish;
				PRODUCT_NAME = "$(TARGET_NAME)";
				SWIFT_EMIT_LOC_STRINGS = YES;
				SWIFT_VERSION = 5.0;
				TARGETED_DEVICE_FAMILY = "1,2";
			};
			name = Debug;
		};
		5B10171429F38F4000AE55F3 /* Release */ = {
			isa = XCBuildConfiguration;
			buildSettings = {
				ASSETCATALOG_COMPILER_APPICON_NAME = AppIcon;
				ASSETCATALOG_COMPILER_GLOBAL_ACCENT_COLOR_NAME = AccentColor;
				CODE_SIGN_STYLE = Automatic;
				CURRENT_PROJECT_VERSION = 1;
				DEVELOPMENT_TEAM = LSMZ653R3K;
				GENERATE_INFOPLIST_FILE = YES;
				INFOPLIST_FILE = SideDish/Configuration/Info.plist;
				INFOPLIST_KEY_UIApplicationSupportsIndirectInputEvents = YES;
				INFOPLIST_KEY_UILaunchStoryboardName = LaunchScreen;
				INFOPLIST_KEY_UIMainStoryboardFile = Main;
				INFOPLIST_KEY_UISupportedInterfaceOrientations_iPad = "UIInterfaceOrientationPortrait UIInterfaceOrientationPortraitUpsideDown UIInterfaceOrientationLandscapeLeft UIInterfaceOrientationLandscapeRight";
				INFOPLIST_KEY_UISupportedInterfaceOrientations_iPhone = "UIInterfaceOrientationPortrait UIInterfaceOrientationLandscapeLeft UIInterfaceOrientationLandscapeRight";
				IPHONEOS_DEPLOYMENT_TARGET = 14.0;
				LD_RUNPATH_SEARCH_PATHS = (
					"$(inherited)",
					"@executable_path/Frameworks",
				);
				MARKETING_VERSION = 1.0;
				PRODUCT_BUNDLE_IDENTIFIER = Jason.SideDish;
				PRODUCT_NAME = "$(TARGET_NAME)";
				SWIFT_EMIT_LOC_STRINGS = YES;
				SWIFT_VERSION = 5.0;
				TARGETED_DEVICE_FAMILY = "1,2";
			};
			name = Release;
		};
/* End XCBuildConfiguration section */

/* Begin XCConfigurationList section */
		5B1016F929F38F3F00AE55F3 /* Build configuration list for PBXProject "SideDish" */ = {
			isa = XCConfigurationList;
			buildConfigurations = (
				5B10171029F38F4000AE55F3 /* Debug */,
				5B10171129F38F4000AE55F3 /* Release */,
			);
			defaultConfigurationIsVisible = 0;
			defaultConfigurationName = Release;
		};
		5B10171229F38F4000AE55F3 /* Build configuration list for PBXNativeTarget "SideDish" */ = {
			isa = XCConfigurationList;
			buildConfigurations = (
				5B10171329F38F4000AE55F3 /* Debug */,
				5B10171429F38F4000AE55F3 /* Release */,
			);
			defaultConfigurationIsVisible = 0;
			defaultConfigurationName = Release;
		};
/* End XCConfigurationList section */
	};
	rootObject = 5B1016F629F38F3F00AE55F3 /* Project object */;
}
